// !$*UTF8*$!
{
	archiveVersion = 1;
	classes = {
	};
	objectVersion = 77;
	objects = {

/* Begin PBXBuildFile section */
		1870713B2E5ACBB100098142 /* ContentView.swift in Sources */ = {isa = PBXBuildFile; fileRef = 1870713A2E5ACBB100098142 /* ContentView.swift */; };
		187071662E5ACBF400098142 /* CollectionViewRepresentable.swift in Sources */ = {isa = PBXBuildFile; fileRef = 187071652E5ACBF400098142 /* CollectionViewRepresentable.swift */; };
/* End PBXBuildFile section */

/* Begin PBXContainerItemProxy section */
		187071472E5ACBB300098142 /* PBXContainerItemProxy */ = {
			isa = PBXContainerItemProxy;
			containerPortal = 187071282E5ACBB100098142 /* Project object */;
			proxyType = 1;
			remoteGlobalIDString = 1870712F2E5ACBB100098142;
			remoteInfo = UICollectionViewInSwiftUI_3;
		};
		187071512E5ACBB300098142 /* PBXContainerItemProxy */ = {
			isa = PBXContainerItemProxy;
			containerPortal = 187071282E5ACBB100098142 /* Project object */;
			proxyType = 1;
			remoteGlobalIDString = 1870712F2E5ACBB100098142;
			remoteInfo = UICollectionViewInSwiftUI_3;
		};
/* End PBXContainerItemProxy section */

/* Begin PBXFileReference section */
		187071302E5ACBB100098142 /* UICollectionViewInSwiftUI_3.app */ = {isa = PBXFileReference; explicitFileType = wrapper.application; includeInIndex = 0; path = UICollectionViewInSwiftUI_3.app; sourceTree = BUILT_PRODUCTS_DIR; };
		1870713A2E5ACBB100098142 /* ContentView.swift */ = {isa = PBXFileReference; lastKnownFileType = sourcecode.swift; path = ContentView.swift; sourceTree = "<group>"; };
		187071462E5ACBB300098142 /* UICollectionViewInSwiftUI_3Tests.xctest */ = {isa = PBXFileReference; explicitFileType = wrapper.cfbundle; includeInIndex = 0; path = UICollectionViewInSwiftUI_3Tests.xctest; sourceTree = BUILT_PRODUCTS_DIR; };
		187071502E5ACBB300098142 /* UICollectionViewInSwiftUI_3UITests.xctest */ = {isa = PBXFileReference; explicitFileType = wrapper.cfbundle; includeInIndex = 0; path = UICollectionViewInSwiftUI_3UITests.xctest; sourceTree = BUILT_PRODUCTS_DIR; };
		187071652E5ACBF400098142 /* CollectionViewRepresentable.swift */ = {isa = PBXFileReference; lastKnownFileType = sourcecode.swift; path = CollectionViewRepresentable.swift; sourceTree = "<group>"; };
/* End PBXFileReference section */

/* Begin PBXFileSystemSynchronizedRootGroup section */
		187071322E5ACBB100098142 /* UICollectionViewInSwiftUI_3 */ = {
			isa = PBXFileSystemSynchronizedRootGroup;
			path = UICollectionViewInSwiftUI_3;
			sourceTree = "<group>";
		};
		187071492E5ACBB300098142 /* UICollectionViewInSwiftUI_3Tests */ = {
			isa = PBXFileSystemSynchronizedRootGroup;
			path = UICollectionViewInSwiftUI_3Tests;
			sourceTree = "<group>";
		};
		187071532E5ACBB300098142 /* UICollectionViewInSwiftUI_3UITests */ = {
			isa = PBXFileSystemSynchronizedRootGroup;
			path = UICollectionViewInSwiftUI_3UITests;
			sourceTree = "<group>";
		};
/* End PBXFileSystemSynchronizedRootGroup section */

/* Begin PBXFrameworksBuildPhase section */
		1870712D2E5ACBB100098142 /* Frameworks */ = {
			isa = PBXFrameworksBuildPhase;
			buildActionMask = 2147483647;
			files = (
			);
			runOnlyForDeploymentPostprocessing = 0;
		};
		187071432E5ACBB300098142 /* Frameworks */ = {
			isa = PBXFrameworksBuildPhase;
			buildActionMask = 2147483647;
			files = (
			);
			runOnlyForDeploymentPostprocessing = 0;
		};
		1870714D2E5ACBB300098142 /* Frameworks */ = {
			isa = PBXFrameworksBuildPhase;
			buildActionMask = 2147483647;
			files = (
			);
			runOnlyForDeploymentPostprocessing = 0;
		};
/* End PBXFrameworksBuildPhase section */

/* Begin PBXGroup section */
		187071272E5ACBB100098142 = {
			isa = PBXGroup;
			children = (
				187071322E5ACBB100098142 /* UICollectionViewInSwiftUI_3 */,
				187071492E5ACBB300098142 /* UICollectionViewInSwiftUI_3Tests */,
				187071532E5ACBB300098142 /* UICollectionViewInSwiftUI_3UITests */,
				1870713A2E5ACBB100098142 /* ContentView.swift */,
				187071652E5ACBF400098142 /* CollectionViewRepresentable.swift */,
				187071312E5ACBB100098142 /* Products */,
			);
			sourceTree = "<group>";
		};
		187071312E5ACBB100098142 /* Products */ = {
			isa = PBXGroup;
			children = (
				187071302E5ACBB100098142 /* UICollectionViewInSwiftUI_3.app */,
				187071462E5ACBB300098142 /* UICollectionViewInSwiftUI_3Tests.xctest */,
				187071502E5ACBB300098142 /* UICollectionViewInSwiftUI_3UITests.xctest */,
			);
			name = Products;
			sourceTree = "<group>";
		};
/* End PBXGroup section */

/* Begin PBXNativeTarget section */
		1870712F2E5ACBB100098142 /* UICollectionViewInSwiftUI_3 */ = {
			isa = PBXNativeTarget;
			buildConfigurationList = 1870715A2E5ACBB300098142 /* Build configuration list for PBXNativeTarget "UICollectionViewInSwiftUI_3" */;
			buildPhases = (
				1870712C2E5ACBB100098142 /* Sources */,
				1870712D2E5ACBB100098142 /* Frameworks */,
				1870712E2E5ACBB100098142 /* Resources */,
			);
			buildRules = (
			);
			dependencies = (
			);
			fileSystemSynchronizedGroups = (
				187071322E5ACBB100098142 /* UICollectionViewInSwiftUI_3 */,
			);
			name = UICollectionViewInSwiftUI_3;
			packageProductDependencies = (
			);
			productName = UICollectionViewInSwiftUI_3;
			productReference = 187071302E5ACBB100098142 /* UICollectionViewInSwiftUI_3.app */;
			productType = "com.apple.product-type.application";
		};
		187071452E5ACBB300098142 /* UICollectionViewInSwiftUI_3Tests */ = {
			isa = PBXNativeTarget;
			buildConfigurationList = 1870715D2E5ACBB300098142 /* Build configuration list for PBXNativeTarget "UICollectionViewInSwiftUI_3Tests" */;
			buildPhases = (
				187071422E5ACBB300098142 /* Sources */,
				187071432E5ACBB300098142 /* Frameworks */,
				187071442E5ACBB300098142 /* Resources */,
			);
			buildRules = (
			);
			dependencies = (
				187071482E5ACBB300098142 /* PBXTargetDependency */,
			);
			fileSystemSynchronizedGroups = (
				187071492E5ACBB300098142 /* UICollectionViewInSwiftUI_3Tests */,
			);
			name = UICollectionViewInSwiftUI_3Tests;
			packageProductDependencies = (
			);
			productName = UICollectionViewInSwiftUI_3Tests;
			productReference = 187071462E5ACBB300098142 /* UICollectionViewInSwiftUI_3Tests.xctest */;
			productType = "com.apple.product-type.bundle.unit-test";
		};
		1870714F2E5ACBB300098142 /* UICollectionViewInSwiftUI_3UITests */ = {
			isa = PBXNativeTarget;
			buildConfigurationList = 187071602E5ACBB300098142 /* Build configuration list for PBXNativeTarget "UICollectionViewInSwiftUI_3UITests" */;
			buildPhases = (
				1870714C2E5ACBB300098142 /* Sources */,
				1870714D2E5ACBB300098142 /* Frameworks */,
				1870714E2E5ACBB300098142 /* Resources */,
			);
			buildRules = (
			);
			dependencies = (
				187071522E5ACBB300098142 /* PBXTargetDependency */,
			);
			fileSystemSynchronizedGroups = (
				187071532E5ACBB300098142 /* UICollectionViewInSwiftUI_3UITests */,
			);
			name = UICollectionViewInSwiftUI_3UITests;
			packageProductDependencies = (
			);
			productName = UICollectionViewInSwiftUI_3UITests;
			productReference = 187071502E5ACBB300098142 /* UICollectionViewInSwiftUI_3UITests.xctest */;
			productType = "com.apple.product-type.bundle.ui-testing";
		};
/* End PBXNativeTarget section */

/* Begin PBXProject section */
		187071282E5ACBB100098142 /* Project object */ = {
			isa = PBXProject;
			attributes = {
				BuildIndependentTargetsInParallel = 1;
				LastSwiftUpdateCheck = 1620;
				LastUpgradeCheck = 1620;
				TargetAttributes = {
					1870712F2E5ACBB100098142 = {
						CreatedOnToolsVersion = 16.2;
					};
					187071452E5ACBB300098142 = {
						CreatedOnToolsVersion = 16.2;
						TestTargetID = 1870712F2E5ACBB100098142;
					};
					1870714F2E5ACBB300098142 = {
						CreatedOnToolsVersion = 16.2;
						TestTargetID = 1870712F2E5ACBB100098142;
					};
				};
			};
			buildConfigurationList = 1870712B2E5ACBB100098142 /* Build configuration list for PBXProject "UICollectionViewInSwiftUI_3" */;
			developmentRegion = en;
			hasScannedForEncodings = 0;
			knownRegions = (
				en,
				Base,
			);
			mainGroup = 187071272E5ACBB100098142;
			minimizedProjectReferenceProxies = 1;
			preferredProjectObjectVersion = 77;
			productRefGroup = 187071312E5ACBB100098142 /* Products */;
			projectDirPath = "";
			projectRoot = "";
			targets = (
				1870712F2E5ACBB100098142 /* UICollectionViewInSwiftUI_3 */,
				187071452E5ACBB300098142 /* UICollectionViewInSwiftUI_3Tests */,
				1870714F2E5ACBB300098142 /* UICollectionViewInSwiftUI_3UITests */,
			);
		};
/* End PBXProject section */

/* Begin PBXResourcesBuildPhase section */
		1870712E2E5ACBB100098142 /* Resources */ = {
			isa = PBXResourcesBuildPhase;
			buildActionMask = 2147483647;
			files = (
			);
			runOnlyForDeploymentPostprocessing = 0;
		};
		187071442E5ACBB300098142 /* Resources */ = {
			isa = PBXResourcesBuildPhase;
			buildActionMask = 2147483647;
			files = (
			);
			runOnlyForDeploymentPostprocessing = 0;
		};
		1870714E2E5ACBB300098142 /* Resources */ = {
			isa = PBXResourcesBuildPhase;
			buildActionMask = 2147483647;
			files = (
			);
			runOnlyForDeploymentPostprocessing = 0;
		};
/* End PBXResourcesBuildPhase section */

/* Begin PBXSourcesBuildPhase section */
		1870712C2E5ACBB100098142 /* Sources */ = {
			isa = PBXSourcesBuildPhase;
			buildActionMask = 2147483647;
			files = (
				187071662E5ACBF400098142 /* CollectionViewRepresentable.swift in Sources */,
				1870713B2E5ACBB100098142 /* ContentView.swift in Sources */,
			);
			runOnlyForDeploymentPostprocessing = 0;
		};
		187071422E5ACBB300098142 /* Sources */ = {
			isa = PBXSourcesBuildPhase;
			buildActionMask = 2147483647;
			files = (
			);
			runOnlyForDeploymentPostprocessing = 0;
		};
		1870714C2E5ACBB300098142 /* Sources */ = {
			isa = PBXSourcesBuildPhase;
			buildActionMask = 2147483647;
			files = (
			);
			runOnlyForDeploymentPostprocessing = 0;
		};
/* End PBXSourcesBuildPhase section */

/* Begin PBXTargetDependency section */
		187071482E5ACBB300098142 /* PBXTargetDependency */ = {
			isa = PBXTargetDependency;
			target = 1870712F2E5ACBB100098142 /* UICollectionViewInSwiftUI_3 */;
			targetProxy = 187071472E5ACBB300098142 /* PBXContainerItemProxy */;
		};
		187071522E5ACBB300098142 /* PBXTargetDependency */ = {
			isa = PBXTargetDependency;
			target = 1870712F2E5ACBB100098142 /* UICollectionViewInSwiftUI_3 */;
			targetProxy = 187071512E5ACBB300098142 /* PBXContainerItemProxy */;
		};
/* End PBXTargetDependency section */

/* Begin XCBuildConfiguration section */
		187071582E5ACBB300098142 /* Debug */ = {
			isa = XCBuildConfiguration;
			buildSettings = {
				ALWAYS_SEARCH_USER_PATHS = NO;
				ASSETCATALOG_COMPILER_GENERATE_SWIFT_ASSET_SYMBOL_EXTENSIONS = YES;
				CLANG_ANALYZER_NONNULL = YES;
				CLANG_ANALYZER_NUMBER_OBJECT_CONVERSION = YES_AGGRESSIVE;
				CLANG_CXX_LANGUAGE_STANDARD = "gnu++20";
				CLANG_ENABLE_MODULES = YES;
				CLANG_ENABLE_OBJC_ARC = YES;
				CLANG_ENABLE_OBJC_WEAK = YES;
				CLANG_WARN_BLOCK_CAPTURE_AUTORELEASING = YES;
				CLANG_WARN_BOOL_CONVERSION = YES;
				CLANG_WARN_COMMA = YES;
				CLANG_WARN_CONSTANT_CONVERSION = YES;
				CLANG_WARN_DEPRECATED_OBJC_IMPLEMENTATIONS = YES;
				CLANG_WARN_DIRECT_OBJC_ISA_USAGE = YES_ERROR;
				CLANG_WARN_DOCUMENTATION_COMMENTS = YES;
				CLANG_WARN_EMPTY_BODY = YES;
				CLANG_WARN_ENUM_CONVERSION = YES;
				CLANG_WARN_INFINITE_RECURSION = YES;
				CLANG_WARN_INT_CONVERSION = YES;
				CLANG_WARN_NON_LITERAL_NULL_CONVERSION = YES;
				CLANG_WARN_OBJC_IMPLICIT_RETAIN_SELF = YES;
				CLANG_WARN_OBJC_LITERAL_CONVERSION = YES;
				CLANG_WARN_OBJC_ROOT_CLASS = YES_ERROR;
				CLANG_WARN_QUOTED_INCLUDE_IN_FRAMEWORK_HEADER = YES;
				CLANG_WARN_RANGE_LOOP_ANALYSIS = YES;
				CLANG_WARN_STRICT_PROTOTYPES = YES;
				CLANG_WARN_SUSPICIOUS_MOVE = YES;
				CLANG_WARN_UNGUARDED_AVAILABILITY = YES_AGGRESSIVE;
				CLANG_WARN_UNREACHABLE_CODE = YES;
				CLANG_WARN__DUPLICATE_METHOD_MATCH = YES;
				COPY_PHASE_STRIP = NO;
				DEBUG_INFORMATION_FORMAT = dwarf;
				ENABLE_STRICT_OBJC_MSGSEND = YES;
				ENABLE_TESTABILITY = YES;
				ENABLE_USER_SCRIPT_SANDBOXING = YES;
				GCC_C_LANGUAGE_STANDARD = gnu17;
				GCC_DYNAMIC_NO_PIC = NO;
				GCC_NO_COMMON_BLOCKS = YES;
				GCC_OPTIMIZATION_LEVEL = 0;
				GCC_PREPROCESSOR_DEFINITIONS = (
					"DEBUG=1",
					"$(inherited)",
				);
				GCC_WARN_64_TO_32_BIT_CONVERSION = YES;
				GCC_WARN_ABOUT_RETURN_TYPE = YES_ERROR;
				GCC_WARN_UNDECLARED_SELECTOR = YES;
				GCC_WARN_UNINITIALIZED_AUTOS = YES_AGGRESSIVE;
				GCC_WARN_UNUSED_FUNCTION = YES;
				GCC_WARN_UNUSED_VARIABLE = YES;
				LOCALIZATION_PREFERS_STRING_CATALOGS = YES;
				MTL_ENABLE_DEBUG_INFO = INCLUDE_SOURCE;
				MTL_FAST_MATH = YES;
				ONLY_ACTIVE_ARCH = YES;
				SWIFT_ACTIVE_COMPILATION_CONDITIONS = "DEBUG $(inherited)";
				SWIFT_OPTIMIZATION_LEVEL = "-Onone";
			};
			name = Debug;
		};
		187071592E5ACBB300098142 /* Release */ = {
			isa = XCBuildConfiguration;
			buildSettings = {
				ALWAYS_SEARCH_USER_PATHS = NO;
				ASSETCATALOG_COMPILER_GENERATE_SWIFT_ASSET_SYMBOL_EXTENSIONS = YES;
				CLANG_ANALYZER_NONNULL = YES;
				CLANG_ANALYZER_NUMBER_OBJECT_CONVERSION = YES_AGGRESSIVE;
				CLANG_CXX_LANGUAGE_STANDARD = "gnu++20";
				CLANG_ENABLE_MODULES = YES;
				CLANG_ENABLE_OBJC_ARC = YES;
				CLANG_ENABLE_OBJC_WEAK = YES;
				CLANG_WARN_BLOCK_CAPTURE_AUTORELEASING = YES;
				CLANG_WARN_BOOL_CONVERSION = YES;
				CLANG_WARN_COMMA = YES;
				CLANG_WARN_CONSTANT_CONVERSION = YES;
				CLANG_WARN_DEPRECATED_OBJC_IMPLEMENTATIONS = YES;
				CLANG_WARN_DIRECT_OBJC_ISA_USAGE = YES_ERROR;
				CLANG_WARN_DOCUMENTATION_COMMENTS = YES;
				CLANG_WARN_EMPTY_BODY = YES;
				CLANG_WARN_ENUM_CONVERSION = YES;
				CLANG_WARN_INFINITE_RECURSION = YES;
				CLANG_WARN_INT_CONVERSION = YES;
				CLANG_WARN_NON_LITERAL_NULL_CONVERSION = YES;
				CLANG_WARN_OBJC_IMPLICIT_RETAIN_SELF = YES;
				CLANG_WARN_OBJC_LITERAL_CONVERSION = YES;
				CLANG_WARN_OBJC_ROOT_CLASS = YES_ERROR;
				CLANG_WARN_QUOTED_INCLUDE_IN_FRAMEWORK_HEADER = YES;
				CLANG_WARN_RANGE_LOOP_ANALYSIS = YES;
				CLANG_WARN_STRICT_PROTOTYPES = YES;
				CLANG_WARN_SUSPICIOUS_MOVE = YES;
				CLANG_WARN_UNGUARDED_AVAILABILITY = YES_AGGRESSIVE;
				CLANG_WARN_UNREACHABLE_CODE = YES;
				CLANG_WARN__DUPLICATE_METHOD_MATCH = YES;
				COPY_PHASE_STRIP = NO;
				DEBUG_INFORMATION_FORMAT = "dwarf-with-dsym";
				ENABLE_NS_ASSERTIONS = NO;
				ENABLE_STRICT_OBJC_MSGSEND = YES;
				ENABLE_USER_SCRIPT_SANDBOXING = YES;
				GCC_C_LANGUAGE_STANDARD = gnu17;
				GCC_NO_COMMON_BLOCKS = YES;
				GCC_WARN_64_TO_32_BIT_CONVERSION = YES;
				GCC_WARN_ABOUT_RETURN_TYPE = YES_ERROR;
				GCC_WARN_UNDECLARED_SELECTOR = YES;
				GCC_WARN_UNINITIALIZED_AUTOS = YES_AGGRESSIVE;
				GCC_WARN_UNUSED_FUNCTION = YES;
				GCC_WARN_UNUSED_VARIABLE = YES;
				LOCALIZATION_PREFERS_STRING_CATALOGS = YES;
				MTL_ENABLE_DEBUG_INFO = NO;
				MTL_FAST_MATH = YES;
				SWIFT_COMPILATION_MODE = wholemodule;
			};
			name = Release;
		};
		1870715B2E5ACBB300098142 /* Debug */ = {
			isa = XCBuildConfiguration;
			buildSettings = {
				ASSETCATALOG_COMPILER_APPICON_NAME = AppIcon;
				ASSETCATALOG_COMPILER_GLOBAL_ACCENT_COLOR_NAME = AccentColor;
				CODE_SIGN_ENTITLEMENTS = UICollectionViewInSwiftUI_3/UICollectionViewInSwiftUI_3.entitlements;
				CODE_SIGN_STYLE = Automatic;
				CURRENT_PROJECT_VERSION = 1;
				DEVELOPMENT_ASSET_PATHS = "\"UICollectionViewInSwiftUI_3/Preview Content\"";
				DEVELOPMENT_TEAM = 36Z8VP4JN8;
				ENABLE_HARDENED_RUNTIME = YES;
				ENABLE_PREVIEWS = YES;
				GENERATE_INFOPLIST_FILE = YES;
				"INFOPLIST_KEY_UIApplicationSceneManifest_Generation[sdk=iphoneos*]" = YES;
				"INFOPLIST_KEY_UIApplicationSceneManifest_Generation[sdk=iphonesimulator*]" = YES;
				"INFOPLIST_KEY_UIApplicationSupportsIndirectInputEvents[sdk=iphoneos*]" = YES;
				"INFOPLIST_KEY_UIApplicationSupportsIndirectInputEvents[sdk=iphonesimulator*]" = YES;
				"INFOPLIST_KEY_UILaunchScreen_Generation[sdk=iphoneos*]" = YES;
				"INFOPLIST_KEY_UILaunchScreen_Generation[sdk=iphonesimulator*]" = YES;
				"INFOPLIST_KEY_UIStatusBarStyle[sdk=iphoneos*]" = UIStatusBarStyleDefault;
				"INFOPLIST_KEY_UIStatusBarStyle[sdk=iphonesimulator*]" = UIStatusBarStyleDefault;
				INFOPLIST_KEY_UISupportedInterfaceOrientations_iPad = "UIInterfaceOrientationPortrait UIInterfaceOrientationPortraitUpsideDown UIInterfaceOrientationLandscapeLeft UIInterfaceOrientationLandscapeRight";
				INFOPLIST_KEY_UISupportedInterfaceOrientations_iPhone = "UIInterfaceOrientationPortrait UIInterfaceOrientationLandscapeLeft UIInterfaceOrientationLandscapeRight";
				IPHONEOS_DEPLOYMENT_TARGET = 18.2;
				LD_RUNPATH_SEARCH_PATHS = "@executable_path/Frameworks";
				"LD_RUNPATH_SEARCH_PATHS[sdk=macosx*]" = "@executable_path/../Frameworks";
				MACOSX_DEPLOYMENT_TARGET = 15.0;
				MARKETING_VERSION = 1.0;
				PRODUCT_BUNDLE_IDENTIFIER = "boad-system.UICollectionViewInSwiftUI-3";
				PRODUCT_NAME = "$(TARGET_NAME)";
				SDKROOT = auto;
				SUPPORTED_PLATFORMS = "iphoneos iphonesimulator macosx xros xrsimulator";
				SWIFT_EMIT_LOC_STRINGS = YES;
				SWIFT_VERSION = 5.0;
				TARGETED_DEVICE_FAMILY = "1,2,7";
				XROS_DEPLOYMENT_TARGET = 2.2;
			};
			name = Debug;
		};
		1870715C2E5ACBB300098142 /* Release */ = {
			isa = XCBuildConfiguration;
			buildSettings = {
				ASSETCATALOG_COMPILER_APPICON_NAME = AppIcon;
				ASSETCATALOG_COMPILER_GLOBAL_ACCENT_COLOR_NAME = AccentColor;
				CODE_SIGN_ENTITLEMENTS = UICollectionViewInSwiftUI_3/UICollectionViewInSwiftUI_3.entitlements;
				CODE_SIGN_STYLE = Automatic;
				CURRENT_PROJECT_VERSION = 1;
				DEVELOPMENT_ASSET_PATHS = "\"UICollectionViewInSwiftUI_3/Preview Content\"";
				DEVELOPMENT_TEAM = 36Z8VP4JN8;
				ENABLE_HARDENED_RUNTIME = YES;
				ENABLE_PREVIEWS = YES;
				GENERATE_INFOPLIST_FILE = YES;
				"INFOPLIST_KEY_UIApplicationSceneManifest_Generation[sdk=iphoneos*]" = YES;
				"INFOPLIST_KEY_UIApplicationSceneManifest_Generation[sdk=iphonesimulator*]" = YES;
				"INFOPLIST_KEY_UIApplicationSupportsIndirectInputEvents[sdk=iphoneos*]" = YES;
				"INFOPLIST_KEY_UIApplicationSupportsIndirectInputEvents[sdk=iphonesimulator*]" = YES;
				"INFOPLIST_KEY_UILaunchScreen_Generation[sdk=iphoneos*]" = YES;
				"INFOPLIST_KEY_UILaunchScreen_Generation[sdk=iphonesimulator*]" = YES;
				"INFOPLIST_KEY_UIStatusBarStyle[sdk=iphoneos*]" = UIStatusBarStyleDefault;
				"INFOPLIST_KEY_UIStatusBarStyle[sdk=iphonesimulator*]" = UIStatusBarStyleDefault;
				INFOPLIST_KEY_UISupportedInterfaceOrientations_iPad = "UIInterfaceOrientationPortrait UIInterfaceOrientationPortraitUpsideDown UIInterfaceOrientationLandscapeLeft UIInterfaceOrientationLandscapeRight";
				INFOPLIST_KEY_UISupportedInterfaceOrientations_iPhone = "UIInterfaceOrientationPortrait UIInterfaceOrientationLandscapeLeft UIInterfaceOrientationLandscapeRight";
				IPHONEOS_DEPLOYMENT_TARGET = 18.2;
				LD_RUNPATH_SEARCH_PATHS = "@executable_path/Frameworks";
				"LD_RUNPATH_SEARCH_PATHS[sdk=macosx*]" = "@executable_path/../Frameworks";
				MACOSX_DEPLOYMENT_TARGET = 15.0;
				MARKETING_VERSION = 1.0;
				PRODUCT_BUNDLE_IDENTIFIER = "boad-system.UICollectionViewInSwiftUI-3";
				PRODUCT_NAME = "$(TARGET_NAME)";
				SDKROOT = auto;
				SUPPORTED_PLATFORMS = "iphoneos iphonesimulator macosx xros xrsimulator";
				SWIFT_EMIT_LOC_STRINGS = YES;
				SWIFT_VERSION = 5.0;
				TARGETED_DEVICE_FAMILY = "1,2,7";
				XROS_DEPLOYMENT_TARGET = 2.2;
			};
			name = Release;
		};
		1870715E2E5ACBB300098142 /* Debug */ = {
			isa = XCBuildConfiguration;
			buildSettings = {
				BUNDLE_LOADER = "$(TEST_HOST)";
				CODE_SIGN_STYLE = Automatic;
				CURRENT_PROJECT_VERSION = 1;
				DEVELOPMENT_TEAM = 36Z8VP4JN8;
				GENERATE_INFOPLIST_FILE = YES;
				IPHONEOS_DEPLOYMENT_TARGET = 18.2;
				MACOSX_DEPLOYMENT_TARGET = 15.0;
				MARKETING_VERSION = 1.0;
				PRODUCT_BUNDLE_IDENTIFIER = "boad-system.UICollectionViewInSwiftUI-3Tests";
				PRODUCT_NAME = "$(TARGET_NAME)";
				SDKROOT = auto;
				SUPPORTED_PLATFORMS = "iphoneos iphonesimulator macosx xros xrsimulator";
				SWIFT_EMIT_LOC_STRINGS = NO;
				SWIFT_VERSION = 5.0;
				TARGETED_DEVICE_FAMILY = "1,2,7";
				TEST_HOST = "$(BUILT_PRODUCTS_DIR)/UICollectionViewInSwiftUI_3.app/$(BUNDLE_EXECUTABLE_FOLDER_PATH)/UICollectionViewInSwiftUI_3";
				XROS_DEPLOYMENT_TARGET = 2.2;
			};
			name = Debug;
		};
		1870715F2E5ACBB300098142 /* Release */ = {
			isa = XCBuildConfiguration;
			buildSettings = {
				BUNDLE_LOADER = "$(TEST_HOST)";
				CODE_SIGN_STYLE = Automatic;
				CURRENT_PROJECT_VERSION = 1;
				DEVELOPMENT_TEAM = 36Z8VP4JN8;
				GENERATE_INFOPLIST_FILE = YES;
				IPHONEOS_DEPLOYMENT_TARGET = 18.2;
				MACOSX_DEPLOYMENT_TARGET = 15.0;
				MARKETING_VERSION = 1.0;
				PRODUCT_BUNDLE_IDENTIFIER = "boad-system.UICollectionViewInSwiftUI-3Tests";
				PRODUCT_NAME = "$(TARGET_NAME)";
				SDKROOT = auto;
				SUPPORTED_PLATFORMS = "iphoneos iphonesimulator macosx xros xrsimulator";
				SWIFT_EMIT_LOC_STRINGS = NO;
				SWIFT_VERSION = 5.0;
				TARGETED_DEVICE_FAMILY = "1,2,7";
				TEST_HOST = "$(BUILT_PRODUCTS_DIR)/UICollectionViewInSwiftUI_3.app/$(BUNDLE_EXECUTABLE_FOLDER_PATH)/UICollectionViewInSwiftUI_3";
				XROS_DEPLOYMENT_TARGET = 2.2;
			};
			name = Release;
		};
		187071612E5ACBB300098142 /* Debug */ = {
			isa = XCBuildConfiguration;
			buildSettings = {
				CODE_SIGN_STYLE = Automatic;
				CURRENT_PROJECT_VERSION = 1;
				DEVELOPMENT_TEAM = 36Z8VP4JN8;
				GENERATE_INFOPLIST_FILE = YES;
				IPHONEOS_DEPLOYMENT_TARGET = 18.2;
				MACOSX_DEPLOYMENT_TARGET = 15.0;
				MARKETING_VERSION = 1.0;
				PRODUCT_BUNDLE_IDENTIFIER = "boad-system.UICollectionViewInSwiftUI-3UITests";
				PRODUCT_NAME = "$(TARGET_NAME)";
				SDKROOT = auto;
				SUPPORTED_PLATFORMS = "iphoneos iphonesimulator macosx xros xrsimulator";
				SWIFT_EMIT_LOC_STRINGS = NO;
				SWIFT_VERSION = 5.0;
				TARGETED_DEVICE_FAMILY = "1,2,7";
				TEST_TARGET_NAME = UICollectionViewInSwiftUI_3;
				XROS_DEPLOYMENT_TARGET = 2.2;
			};
			name = Debug;
		};
		187071622E5ACBB300098142 /* Release */ = {
			isa = XCBuildConfiguration;
			buildSettings = {
				CODE_SIGN_STYLE = Automatic;
				CURRENT_PROJECT_VERSION = 1;
				DEVELOPMENT_TEAM = 36Z8VP4JN8;
				GENERATE_INFOPLIST_FILE = YES;
				IPHONEOS_DEPLOYMENT_TARGET = 18.2;
				MACOSX_DEPLOYMENT_TARGET = 15.0;
				MARKETING_VERSION = 1.0;
				PRODUCT_BUNDLE_IDENTIFIER = "boad-system.UICollectionViewInSwiftUI-3UITests";
				PRODUCT_NAME = "$(TARGET_NAME)";
				SDKROOT = auto;
				SUPPORTED_PLATFORMS = "iphoneos iphonesimulator macosx xros xrsimulator";
				SWIFT_EMIT_LOC_STRINGS = NO;
				SWIFT_VERSION = 5.0;
				TARGETED_DEVICE_FAMILY = "1,2,7";
				TEST_TARGET_NAME = UICollectionViewInSwiftUI_3;
				XROS_DEPLOYMENT_TARGET = 2.2;
			};
			name = Release;
		};
/* End XCBuildConfiguration section */

/* Begin XCConfigurationList section */
		1870712B2E5ACBB100098142 /* Build configuration list for PBXProject "UICollectionViewInSwiftUI_3" */ = {
			isa = XCConfigurationList;
			buildConfigurations = (
				187071582E5ACBB300098142 /* Debug */,
				187071592E5ACBB300098142 /* Release */,
			);
			defaultConfigurationIsVisible = 0;
			defaultConfigurationName = Release;
		};
		1870715A2E5ACBB300098142 /* Build configuration list for PBXNativeTarget "UICollectionViewInSwiftUI_3" */ = {
			isa = XCConfigurationList;
			buildConfigurations = (
				1870715B2E5ACBB300098142 /* Debug */,
				1870715C2E5ACBB300098142 /* Release */,
			);
			defaultConfigurationIsVisible = 0;
			defaultConfigurationName = Release;
		};
		1870715D2E5ACBB300098142 /* Build configuration list for PBXNativeTarget "UICollectionViewInSwiftUI_3Tests" */ = {
			isa = XCConfigurationList;
			buildConfigurations = (
				1870715E2E5ACBB300098142 /* Debug */,
				1870715F2E5ACBB300098142 /* Release */,
			);
			defaultConfigurationIsVisible = 0;
			defaultConfigurationName = Release;
		};
		187071602E5ACBB300098142 /* Build configuration list for PBXNativeTarget "UICollectionViewInSwiftUI_3UITests" */ = {
			isa = XCConfigurationList;
			buildConfigurations = (
				187071612E5ACBB300098142 /* Debug */,
				187071622E5ACBB300098142 /* Release */,
			);
			defaultConfigurationIsVisible = 0;
			defaultConfigurationName = Release;
		};
/* End XCConfigurationList section */
	};
	rootObject = 187071282E5ACBB100098142 /* Project object */;
}
